{
  "name": "coconut-mobile",
  "version": "1.0.0",
  "lockfileVersion": 1,
  "requires": true,
  "dependencies": {
    "@element-plus/icons-vue": {
      "version": "2.0.10",
      "resolved": "https://registry.npmjs.org/@element-plus/icons-vue/-/icons-vue-2.0.10.tgz",
      "integrity": "sha512-ygEZ1mwPjcPo/OulhzLE7mtDrQBWI8vZzEWSNB2W/RNCRjoQGwbaK4N8lV4rid7Ts4qvySU3njMN7YCiSlSaTQ=="
    },
    "vue-awesome": {
      "version": "4.5.0",
      "resolved": "https://registry.npmjs.org/vue-awesome/-/vue-awesome-4.5.0.tgz",
      "integrity": "sha512-pbtZkRecXLm3fg0eVkwObDRM9YNU1BW5wDsL4mMoSvUXZbTnS+N2E4CahAwKJL5OPbqmhJQgZPekQoJrID7dcQ=="
    }
  }
}
